
Microsoft Visual Studio Solution File, Format Version 12.00
# Visual Studio Version 16
VisualStudioVersion = 16.0.29306.81
MinimumVisualStudioVersion = 10.0.40219.1
Project("{FAE04EC0-301F-11D3-BF4B-00C04F79EFBC}") = "EasyScript IDE", "EasyScript IDE.csproj", "{D99F1487-DCFA-47B1-B279-EFFB69A7CC52}"
EndProject
Global
	GlobalSection(SolutionConfigurationPlatforms) = preSolution
		Debug|Any CPU = Debug|Any CPU
		Release|Any CPU = Release|Any CPU
	EndGlobalSection
	GlobalSection(ProjectConfigurationPlatforms) = postSolution
		{D99F1487-DCFA-47B1-B279-EFFB69A7CC52}.Debug|Any CPU.ActiveCfg = Debug|Any CPU
		{D99F1487-DCFA-47B1-B279-EFFB69A7CC52}.Debug|Any CPU.Build.0 = Debug|Any CPU
		{D99F1487-DCFA-47B1-B279-EFFB69A7CC52}.Release|Any CPU.ActiveCfg = Release|Any CPU
		{D99F1487-DCFA-47B1-B279-EFFB69A7CC52}.Release|Any CPU.Build.0 = Release|Any CPU
	EndGlobalSection
	GlobalSection(SolutionProperties) = preSolution
		HideSolutionNode = FALSE
	EndGlobalSection
	GlobalSection(ExtensibilityGlobals) = postSolution
		SolutionGuid = {A94881F5-E363-4185-8031-61B28DD9A571}
	EndGlobalSection
EndGlobal
