
Microsoft Visual Studio Solution File, Format Version 12.00
# Visual Studio Version 16
VisualStudioVersion = 16.0.29306.81
MinimumVisualStudioVersion = 10.0.40219.1
Project("{FAE04EC0-301F-11D3-BF4B-00C04F79EFBC}") = "EasyCode Terminal", "EasyCode Terminal.csproj", "{3355355B-02B4-4905-90B0-FDBA84A5492D}"
EndProject
Global
	GlobalSection(SolutionConfigurationPlatforms) = preSolution
		Debug|Any CPU = Debug|Any CPU
		Release|Any CPU = Release|Any CPU
	EndGlobalSection
	GlobalSection(ProjectConfigurationPlatforms) = postSolution
		{3355355B-02B4-4905-90B0-FDBA84A5492D}.Debug|Any CPU.ActiveCfg = Debug|Any CPU
		{3355355B-02B4-4905-90B0-FDBA84A5492D}.Debug|Any CPU.Build.0 = Debug|Any CPU
		{3355355B-02B4-4905-90B0-FDBA84A5492D}.Release|Any CPU.ActiveCfg = Release|Any CPU
		{3355355B-02B4-4905-90B0-FDBA84A5492D}.Release|Any CPU.Build.0 = Release|Any CPU
	EndGlobalSection
	GlobalSection(SolutionProperties) = preSolution
		HideSolutionNode = FALSE
	EndGlobalSection
	GlobalSection(ExtensibilityGlobals) = postSolution
		SolutionGuid = {DDABF75D-1836-486D-9F90-466931936E5E}
	EndGlobalSection
EndGlobal
